
Microsoft Visual Studio Solution File, Format Version 12.00
# Visual Studio 15
VisualStudioVersion = 15.0.26124.0
MinimumVisualStudioVersion = 15.0.26124.0
Project("{FAE04EC0-301F-11D3-BF4B-00C04F79EFBC}") = "UtttApi.UnitTesting", "UtttApi.UnitTesting\UtttApi.UnitTesting.csproj", "{2EF22768-D0EA-4BAB-AEFA-4CF8584834BA}"
EndProject
Project("{FAE04EC0-301F-11D3-BF4B-00C04F79EFBC}") = "UtttApi.WebApi", "UtttApi.WebApi\UtttApi.WebApi.csproj", "{348A8593-0CA9-4233-8EE8-D08A5B255A87}"
EndProject
Project("{FAE04EC0-301F-11D3-BF4B-00C04F79EFBC}") = "UtttApi.ObjectModel", "UtttApi.ObjectModel\UtttApi.ObjectModel.csproj", "{748AE925-4C19-4E51-9D57-7A61A480C812}"
EndProject
Project("{FAE04EC0-301F-11D3-BF4B-00C04F79EFBC}") = "UtttApi.DataService", "UtttApi.DataService\UtttApi.DataService.csproj", "{2C280E8B-9F81-4C67-A71F-1AF2058BE894}"
EndProject
Global
	GlobalSection(SolutionConfigurationPlatforms) = preSolution
		Debug|Any CPU = Debug|Any CPU
		Debug|x64 = Debug|x64
		Debug|x86 = Debug|x86
		Release|Any CPU = Release|Any CPU
		Release|x64 = Release|x64
		Release|x86 = Release|x86
	EndGlobalSection
	GlobalSection(SolutionProperties) = preSolution
		HideSolutionNode = FALSE
	EndGlobalSection
	GlobalSection(ProjectConfigurationPlatforms) = postSolution
		{2EF22768-D0EA-4BAB-AEFA-4CF8584834BA}.Debug|Any CPU.ActiveCfg = Debug|Any CPU
		{2EF22768-D0EA-4BAB-AEFA-4CF8584834BA}.Debug|Any CPU.Build.0 = Debug|Any CPU
		{2EF22768-D0EA-4BAB-AEFA-4CF8584834BA}.Debug|x64.ActiveCfg = Debug|Any CPU
		{2EF22768-D0EA-4BAB-AEFA-4CF8584834BA}.Debug|x64.Build.0 = Debug|Any CPU
		{2EF22768-D0EA-4BAB-AEFA-4CF8584834BA}.Debug|x86.ActiveCfg = Debug|Any CPU
		{2EF22768-D0EA-4BAB-AEFA-4CF8584834BA}.Debug|x86.Build.0 = Debug|Any CPU
		{2EF22768-D0EA-4BAB-AEFA-4CF8584834BA}.Release|Any CPU.ActiveCfg = Release|Any CPU
		{2EF22768-D0EA-4BAB-AEFA-4CF8584834BA}.Release|Any CPU.Build.0 = Release|Any CPU
		{2EF22768-D0EA-4BAB-AEFA-4CF8584834BA}.Release|x64.ActiveCfg = Release|Any CPU
		{2EF22768-D0EA-4BAB-AEFA-4CF8584834BA}.Release|x64.Build.0 = Release|Any CPU
		{2EF22768-D0EA-4BAB-AEFA-4CF8584834BA}.Release|x86.ActiveCfg = Release|Any CPU
		{2EF22768-D0EA-4BAB-AEFA-4CF8584834BA}.Release|x86.Build.0 = Release|Any CPU
		{348A8593-0CA9-4233-8EE8-D08A5B255A87}.Debug|Any CPU.ActiveCfg = Debug|Any CPU
		{348A8593-0CA9-4233-8EE8-D08A5B255A87}.Debug|Any CPU.Build.0 = Debug|Any CPU
		{348A8593-0CA9-4233-8EE8-D08A5B255A87}.Debug|x64.ActiveCfg = Debug|Any CPU
		{348A8593-0CA9-4233-8EE8-D08A5B255A87}.Debug|x64.Build.0 = Debug|Any CPU
		{348A8593-0CA9-4233-8EE8-D08A5B255A87}.Debug|x86.ActiveCfg = Debug|Any CPU
		{348A8593-0CA9-4233-8EE8-D08A5B255A87}.Debug|x86.Build.0 = Debug|Any CPU
		{348A8593-0CA9-4233-8EE8-D08A5B255A87}.Release|Any CPU.ActiveCfg = Release|Any CPU
		{348A8593-0CA9-4233-8EE8-D08A5B255A87}.Release|Any CPU.Build.0 = Release|Any CPU
		{348A8593-0CA9-4233-8EE8-D08A5B255A87}.Release|x64.ActiveCfg = Release|Any CPU
		{348A8593-0CA9-4233-8EE8-D08A5B255A87}.Release|x64.Build.0 = Release|Any CPU
		{348A8593-0CA9-4233-8EE8-D08A5B255A87}.Release|x86.ActiveCfg = Release|Any CPU
		{348A8593-0CA9-4233-8EE8-D08A5B255A87}.Release|x86.Build.0 = Release|Any CPU
		{748AE925-4C19-4E51-9D57-7A61A480C812}.Debug|Any CPU.ActiveCfg = Debug|Any CPU
		{748AE925-4C19-4E51-9D57-7A61A480C812}.Debug|Any CPU.Build.0 = Debug|Any CPU
		{748AE925-4C19-4E51-9D57-7A61A480C812}.Debug|x64.ActiveCfg = Debug|Any CPU
		{748AE925-4C19-4E51-9D57-7A61A480C812}.Debug|x64.Build.0 = Debug|Any CPU
		{748AE925-4C19-4E51-9D57-7A61A480C812}.Debug|x86.ActiveCfg = Debug|Any CPU
		{748AE925-4C19-4E51-9D57-7A61A480C812}.Debug|x86.Build.0 = Debug|Any CPU
		{748AE925-4C19-4E51-9D57-7A61A480C812}.Release|Any CPU.ActiveCfg = Release|Any CPU
		{748AE925-4C19-4E51-9D57-7A61A480C812}.Release|Any CPU.Build.0 = Release|Any CPU
		{748AE925-4C19-4E51-9D57-7A61A480C812}.Release|x64.ActiveCfg = Release|Any CPU
		{748AE925-4C19-4E51-9D57-7A61A480C812}.Release|x64.Build.0 = Release|Any CPU
		{748AE925-4C19-4E51-9D57-7A61A480C812}.Release|x86.ActiveCfg = Release|Any CPU
		{748AE925-4C19-4E51-9D57-7A61A480C812}.Release|x86.Build.0 = Release|Any CPU
		{2C280E8B-9F81-4C67-A71F-1AF2058BE894}.Debug|Any CPU.ActiveCfg = Debug|Any CPU
		{2C280E8B-9F81-4C67-A71F-1AF2058BE894}.Debug|Any CPU.Build.0 = Debug|Any CPU
		{2C280E8B-9F81-4C67-A71F-1AF2058BE894}.Debug|x64.ActiveCfg = Debug|Any CPU
		{2C280E8B-9F81-4C67-A71F-1AF2058BE894}.Debug|x64.Build.0 = Debug|Any CPU
		{2C280E8B-9F81-4C67-A71F-1AF2058BE894}.Debug|x86.ActiveCfg = Debug|Any CPU
		{2C280E8B-9F81-4C67-A71F-1AF2058BE894}.Debug|x86.Build.0 = Debug|Any CPU
		{2C280E8B-9F81-4C67-A71F-1AF2058BE894}.Release|Any CPU.ActiveCfg = Release|Any CPU
		{2C280E8B-9F81-4C67-A71F-1AF2058BE894}.Release|Any CPU.Build.0 = Release|Any CPU
		{2C280E8B-9F81-4C67-A71F-1AF2058BE894}.Release|x64.ActiveCfg = Release|Any CPU
		{2C280E8B-9F81-4C67-A71F-1AF2058BE894}.Release|x64.Build.0 = Release|Any CPU
		{2C280E8B-9F81-4C67-A71F-1AF2058BE894}.Release|x86.ActiveCfg = Release|Any CPU
		{2C280E8B-9F81-4C67-A71F-1AF2058BE894}.Release|x86.Build.0 = Release|Any CPU
	EndGlobalSection
EndGlobal
